
Microsoft Visual Studio Solution File, Format Version 12.00
# Visual Studio Version 17
VisualStudioVersion = 17.13.35609.207 main
MinimumVisualStudioVersion = 10.0.40219.1
Project("{FAE04EC0-301F-11D3-BF4B-00C04F79EFBC}") = "APp", "APp\APp.csproj", "{5E0C9CE3-2DF1-4C94-B5A2-55C99810A271}"
EndProject
Global
	GlobalSection(SolutionConfigurationPlatforms) = preSolution
		Debug|Any CPU = Debug|Any CPU
		Release|Any CPU = Release|Any CPU
	EndGlobalSection
	GlobalSection(ProjectConfigurationPlatforms) = postSolution
		{5E0C9CE3-2DF1-4C94-B5A2-55C99810A271}.Debug|Any CPU.ActiveCfg = Debug|Any CPU
		{5E0C9CE3-2DF1-4C94-B5A2-55C99810A271}.Debug|Any CPU.Build.0 = Debug|Any CPU
		{5E0C9CE3-2DF1-4C94-B5A2-55C99810A271}.Release|Any CPU.ActiveCfg = Release|Any CPU
		{5E0C9CE3-2DF1-4C94-B5A2-55C99810A271}.Release|Any CPU.Build.0 = Release|Any CPU
	EndGlobalSection
	GlobalSection(SolutionProperties) = preSolution
		HideSolutionNode = FALSE
	EndGlobalSection
	GlobalSection(ExtensibilityGlobals) = postSolution
		SolutionGuid = {8BE6C01D-D97A-4414-BDBB-5D3DB700FE02}
	EndGlobalSection
EndGlobal
